// !$*UTF8*$!
{
	archiveVersion = 1;
	classes = {
	};
	objectVersion = 77;
	objects = {

/* Begin PBXContainerItemProxy section */
		43E814F32EB2D9EA0091FD15 /* PBXContainerItemProxy */ = {
			isa = PBXContainerItemProxy;
			containerPortal = 43E814DA2EB2D9E80091FD15 /* Project object */;
			proxyType = 1;
			remoteGlobalIDString = 43E814E12EB2D9E80091FD15;
			remoteInfo = SoundSwipe;
		};
		43E814FD2EB2D9EA0091FD15 /* PBXContainerItemProxy */ = {
			isa = PBXContainerItemProxy;
			containerPortal = 43E814DA2EB2D9E80091FD15 /* Project object */;
			proxyType = 1;
			remoteGlobalIDString = 43E814E12EB2D9E80091FD15;
			remoteInfo = SoundSwipe;
		};
/* End PBXContainerItemProxy section */

/* Begin PBXFileReference section */
		43E814E22EB2D9E80091FD15 /* SoundSwipe.app */ = {isa = PBXFileReference; explicitFileType = wrapper.application; includeInIndex = 0; path = SoundSwipe.app; sourceTree = BUILT_PRODUCTS_DIR; };
		43E814F22EB2D9EA0091FD15 /* SoundSwipeTests.xctest */ = {isa = PBXFileReference; explicitFileType = wrapper.cfbundle; includeInIndex = 0; path = SoundSwipeTests.xctest; sourceTree = BUILT_PRODUCTS_DIR; };
		43E814FC2EB2D9EA0091FD15 /* SoundSwipeUITests.xctest */ = {isa = PBXFileReference; explicitFileType = wrapper.cfbundle; includeInIndex = 0; path = SoundSwipeUITests.xctest; sourceTree = BUILT_PRODUCTS_DIR; };
/* End PBXFileReference section */

/* Begin PBXFileSystemSynchronizedRootGroup section */
		43E814E42EB2D9E80091FD15 /* SoundSwipe */ = {
			isa = PBXFileSystemSynchronizedRootGroup;
			path = SoundSwipe;
			sourceTree = "<group>";
		};
		43E814F52EB2D9EA0091FD15 /* SoundSwipeTests */ = {
			isa = PBXFileSystemSynchronizedRootGroup;
			path = SoundSwipeTests;
			sourceTree = "<group>";
		};
		43E814FF2EB2D9EA0091FD15 /* SoundSwipeUITests */ = {
			isa = PBXFileSystemSynchronizedRootGroup;
			path = SoundSwipeUITests;
			sourceTree = "<group>";
		};
		43E81A3A2EBC20730091FD15 /* Assets */ = {
			isa = PBXFileSystemSynchronizedRootGroup;
			path = Assets;
			sourceTree = "<group>";
		};
/* End PBXFileSystemSynchronizedRootGroup section */

/* Begin PBXFrameworksBuildPhase section */
		43E814DF2EB2D9E80091FD15 /* Frameworks */ = {
			isa = PBXFrameworksBuildPhase;
			buildActionMask = 2147483647;
			files = (
			);
			runOnlyForDeploymentPostprocessing = 0;
		};
		43E814EF2EB2D9EA0091FD15 /* Frameworks */ = {
			isa = PBXFrameworksBuildPhase;
			buildActionMask = 2147483647;
			files = (
			);
			runOnlyForDeploymentPostprocessing = 0;
		};
		43E814F92EB2D9EA0091FD15 /* Frameworks */ = {
			isa = PBXFrameworksBuildPhase;
			buildActionMask = 2147483647;
			files = (
			);
			runOnlyForDeploymentPostprocessing = 0;
		};
/* End PBXFrameworksBuildPhase section */

/* Begin PBXGroup section */
		43E814D92EB2D9E80091FD15 = {
			isa = PBXGroup;
			children = (
				43E81A3A2EBC20730091FD15 /* Assets */,
				43E814E42EB2D9E80091FD15 /* SoundSwipe */,
				43E814F52EB2D9EA0091FD15 /* SoundSwipeTests */,
				43E814FF2EB2D9EA0091FD15 /* SoundSwipeUITests */,
				43E814E32EB2D9E80091FD15 /* Products */,
			);
			sourceTree = "<group>";
		};
		43E814E32EB2D9E80091FD15 /* Products */ = {
			isa = PBXGroup;
			children = (
				43E814E22EB2D9E80091FD15 /* SoundSwipe.app */,
				43E814F22EB2D9EA0091FD15 /* SoundSwipeTests.xctest */,
				43E814FC2EB2D9EA0091FD15 /* SoundSwipeUITests.xctest */,
			);
			name = Products;
			sourceTree = "<group>";
		};
/* End PBXGroup section */

/* Begin PBXNativeTarget section */
		43E814E12EB2D9E80091FD15 /* SoundSwipe */ = {
			isa = PBXNativeTarget;
			buildConfigurationList = 43E815062EB2D9EA0091FD15 /* Build configuration list for PBXNativeTarget "SoundSwipe" */;
			buildPhases = (
				43E814DE2EB2D9E80091FD15 /* Sources */,
				43E814DF2EB2D9E80091FD15 /* Frameworks */,
				43E814E02EB2D9E80091FD15 /* Resources */,
			);
			buildRules = (
			);
			dependencies = (
			);
			fileSystemSynchronizedGroups = (
				43E814E42EB2D9E80091FD15 /* SoundSwipe */,
				43E81A3A2EBC20730091FD15 /* Assets */,
			);
			name = SoundSwipe;
			packageProductDependencies = (
			);
			productName = SoundSwipe;
			productReference = 43E814E22EB2D9E80091FD15 /* SoundSwipe.app */;
			productType = "com.apple.product-type.application";
		};
		43E814F12EB2D9EA0091FD15 /* SoundSwipeTests */ = {
			isa = PBXNativeTarget;
			buildConfigurationList = 43E815092EB2D9EA0091FD15 /* Build configuration list for PBXNativeTarget "SoundSwipeTests" */;
			buildPhases = (
				43E814EE2EB2D9EA0091FD15 /* Sources */,
				43E814EF2EB2D9EA0091FD15 /* Frameworks */,
				43E814F02EB2D9EA0091FD15 /* Resources */,
			);
			buildRules = (
			);
			dependencies = (
				43E814F42EB2D9EA0091FD15 /* PBXTargetDependency */,
			);
			fileSystemSynchronizedGroups = (
				43E814F52EB2D9EA0091FD15 /* SoundSwipeTests */,
			);
			name = SoundSwipeTests;
			packageProductDependencies = (
			);
			productName = SoundSwipeTests;
			productReference = 43E814F22EB2D9EA0091FD15 /* SoundSwipeTests.xctest */;
			productType = "com.apple.product-type.bundle.unit-test";
		};
		43E814FB2EB2D9EA0091FD15 /* SoundSwipeUITests */ = {
			isa = PBXNativeTarget;
			buildConfigurationList = 43E8150C2EB2D9EA0091FD15 /* Build configuration list for PBXNativeTarget "SoundSwipeUITests" */;
			buildPhases = (
				43E814F82EB2D9EA0091FD15 /* Sources */,
				43E814F92EB2D9EA0091FD15 /* Frameworks */,
				43E814FA2EB2D9EA0091FD15 /* Resources */,
			);
			buildRules = (
			);
			dependencies = (
				43E814FE2EB2D9EA0091FD15 /* PBXTargetDependency */,
			);
			fileSystemSynchronizedGroups = (
				43E814FF2EB2D9EA0091FD15 /* SoundSwipeUITests */,
			);
			name = SoundSwipeUITests;
			packageProductDependencies = (
			);
			productName = SoundSwipeUITests;
			productReference = 43E814FC2EB2D9EA0091FD15 /* SoundSwipeUITests.xctest */;
			productType = "com.apple.product-type.bundle.ui-testing";
		};
/* End PBXNativeTarget section */

/* Begin PBXProject section */
		43E814DA2EB2D9E80091FD15 /* Project object */ = {
			isa = PBXProject;
			attributes = {
				BuildIndependentTargetsInParallel = 1;
				LastSwiftUpdateCheck = 1620;
				LastUpgradeCheck = 1620;
				TargetAttributes = {
					43E814E12EB2D9E80091FD15 = {
						CreatedOnToolsVersion = 16.2;
					};
					43E814F12EB2D9EA0091FD15 = {
						CreatedOnToolsVersion = 16.2;
						TestTargetID = 43E814E12EB2D9E80091FD15;
					};
					43E814FB2EB2D9EA0091FD15 = {
						CreatedOnToolsVersion = 16.2;
						TestTargetID = 43E814E12EB2D9E80091FD15;
					};
				};
			};
			buildConfigurationList = 43E814DD2EB2D9E80091FD15 /* Build configuration list for PBXProject "SoundSwipe" */;
			developmentRegion = en;
			hasScannedForEncodings = 0;
			knownRegions = (
				en,
				Base,
			);
			mainGroup = 43E814D92EB2D9E80091FD15;
			minimizedProjectReferenceProxies = 1;
			preferredProjectObjectVersion = 77;
			productRefGroup = 43E814E32EB2D9E80091FD15 /* Products */;
			projectDirPath = "";
			projectRoot = "";
			targets = (
				43E814E12EB2D9E80091FD15 /* SoundSwipe */,
				43E814F12EB2D9EA0091FD15 /* SoundSwipeTests */,
				43E814FB2EB2D9EA0091FD15 /* SoundSwipeUITests */,
			);
		};
/* End PBXProject section */

/* Begin PBXResourcesBuildPhase section */
		43E814E02EB2D9E80091FD15 /* Resources */ = {
			isa = PBXResourcesBuildPhase;
			buildActionMask = 2147483647;
			files = (
			);
			runOnlyForDeploymentPostprocessing = 0;
		};
		43E814F02EB2D9EA0091FD15 /* Resources */ = {
			isa = PBXResourcesBuildPhase;
			buildActionMask = 2147483647;
			files = (
			);
			runOnlyForDeploymentPostprocessing = 0;
		};
		43E814FA2EB2D9EA0091FD15 /* Resources */ = {
			isa = PBXResourcesBuildPhase;
			buildActionMask = 2147483647;
			files = (
			);
			runOnlyForDeploymentPostprocessing = 0;
		};
/* End PBXResourcesBuildPhase section */

/* Begin PBXSourcesBuildPhase section */
		43E814DE2EB2D9E80091FD15 /* Sources */ = {
			isa = PBXSourcesBuildPhase;
			buildActionMask = 2147483647;
			files = (
			);
			runOnlyForDeploymentPostprocessing = 0;
		};
		43E814EE2EB2D9EA0091FD15 /* Sources */ = {
			isa = PBXSourcesBuildPhase;
			buildActionMask = 2147483647;
			files = (
			);
			runOnlyForDeploymentPostprocessing = 0;
		};
		43E814F82EB2D9EA0091FD15 /* Sources */ = {
			isa = PBXSourcesBuildPhase;
			buildActionMask = 2147483647;
			files = (
			);
			runOnlyForDeploymentPostprocessing = 0;
		};
/* End PBXSourcesBuildPhase section */

/* Begin PBXTargetDependency section */
		43E814F42EB2D9EA0091FD15 /* PBXTargetDependency */ = {
			isa = PBXTargetDependency;
			target = 43E814E12EB2D9E80091FD15 /* SoundSwipe */;
			targetProxy = 43E814F32EB2D9EA0091FD15 /* PBXContainerItemProxy */;
		};
		43E814FE2EB2D9EA0091FD15 /* PBXTargetDependency */ = {
			isa = PBXTargetDependency;
			target = 43E814E12EB2D9E80091FD15 /* SoundSwipe */;
			targetProxy = 43E814FD2EB2D9EA0091FD15 /* PBXContainerItemProxy */;
		};
/* End PBXTargetDependency section */

/* Begin XCBuildConfiguration section */
		43E815042EB2D9EA0091FD15 /* Debug */ = {
			isa = XCBuildConfiguration;
			buildSettings = {
				ALWAYS_SEARCH_USER_PATHS = NO;
				ASSETCATALOG_COMPILER_GENERATE_SWIFT_ASSET_SYMBOL_EXTENSIONS = YES;
				CLANG_ANALYZER_NONNULL = YES;
				CLANG_ANALYZER_NUMBER_OBJECT_CONVERSION = YES_AGGRESSIVE;
				CLANG_CXX_LANGUAGE_STANDARD = "gnu++20";
				CLANG_ENABLE_MODULES = YES;
				CLANG_ENABLE_OBJC_ARC = YES;
				CLANG_ENABLE_OBJC_WEAK = YES;
				CLANG_WARN_BLOCK_CAPTURE_AUTORELEASING = YES;
				CLANG_WARN_BOOL_CONVERSION = YES;
				CLANG_WARN_COMMA = YES;
				CLANG_WARN_CONSTANT_CONVERSION = YES;
				CLANG_WARN_DEPRECATED_OBJC_IMPLEMENTATIONS = YES;
				CLANG_WARN_DIRECT_OBJC_ISA_USAGE = YES_ERROR;
				CLANG_WARN_DOCUMENTATION_COMMENTS = YES;
				CLANG_WARN_EMPTY_BODY = YES;
				CLANG_WARN_ENUM_CONVERSION = YES;
				CLANG_WARN_INFINITE_RECURSION = YES;
				CLANG_WARN_INT_CONVERSION = YES;
				CLANG_WARN_NON_LITERAL_NULL_CONVERSION = YES;
				CLANG_WARN_OBJC_IMPLICIT_RETAIN_SELF = YES;
				CLANG_WARN_OBJC_LITERAL_CONVERSION = YES;
				CLANG_WARN_OBJC_ROOT_CLASS = YES_ERROR;
				CLANG_WARN_QUOTED_INCLUDE_IN_FRAMEWORK_HEADER = YES;
				CLANG_WARN_RANGE_LOOP_ANALYSIS = YES;
				CLANG_WARN_STRICT_PROTOTYPES = YES;
				CLANG_WARN_SUSPICIOUS_MOVE = YES;
				CLANG_WARN_UNGUARDED_AVAILABILITY = YES_AGGRESSIVE;
				CLANG_WARN_UNREACHABLE_CODE = YES;
				CLANG_WARN__DUPLICATE_METHOD_MATCH = YES;
				COPY_PHASE_STRIP = NO;
				DEBUG_INFORMATION_FORMAT = dwarf;
				ENABLE_STRICT_OBJC_MSGSEND = YES;
				ENABLE_TESTABILITY = YES;
				ENABLE_USER_SCRIPT_SANDBOXING = YES;
				GCC_C_LANGUAGE_STANDARD = gnu17;
				GCC_DYNAMIC_NO_PIC = NO;
				GCC_NO_COMMON_BLOCKS = YES;
				GCC_OPTIMIZATION_LEVEL = 0;
				GCC_PREPROCESSOR_DEFINITIONS = (
					"DEBUG=1",
					"$(inherited)",
				);
				GCC_WARN_64_TO_32_BIT_CONVERSION = YES;
				GCC_WARN_ABOUT_RETURN_TYPE = YES_ERROR;
				GCC_WARN_UNDECLARED_SELECTOR = YES;
				GCC_WARN_UNINITIALIZED_AUTOS = YES_AGGRESSIVE;
				GCC_WARN_UNUSED_FUNCTION = YES;
				GCC_WARN_UNUSED_VARIABLE = YES;
				IPHONEOS_DEPLOYMENT_TARGET = 18.2;
				LOCALIZATION_PREFERS_STRING_CATALOGS = YES;
				MTL_ENABLE_DEBUG_INFO = INCLUDE_SOURCE;
				MTL_FAST_MATH = YES;
				ONLY_ACTIVE_ARCH = YES;
				SDKROOT = iphoneos;
				SWIFT_ACTIVE_COMPILATION_CONDITIONS = "DEBUG $(inherited)";
				SWIFT_OPTIMIZATION_LEVEL = "-Onone";
			};
			name = Debug;
		};
		43E815052EB2D9EA0091FD15 /* Release */ = {
			isa = XCBuildConfiguration;
			buildSettings = {
				ALWAYS_SEARCH_USER_PATHS = NO;
				ASSETCATALOG_COMPILER_GENERATE_SWIFT_ASSET_SYMBOL_EXTENSIONS = YES;
				CLANG_ANALYZER_NONNULL = YES;
				CLANG_ANALYZER_NUMBER_OBJECT_CONVERSION = YES_AGGRESSIVE;
				CLANG_CXX_LANGUAGE_STANDARD = "gnu++20";
				CLANG_ENABLE_MODULES = YES;
				CLANG_ENABLE_OBJC_ARC = YES;
				CLANG_ENABLE_OBJC_WEAK = YES;
				CLANG_WARN_BLOCK_CAPTURE_AUTORELEASING = YES;
				CLANG_WARN_BOOL_CONVERSION = YES;
				CLANG_WARN_COMMA = YES;
				CLANG_WARN_CONSTANT_CONVERSION = YES;
				CLANG_WARN_DEPRECATED_OBJC_IMPLEMENTATIONS = YES;
				CLANG_WARN_DIRECT_OBJC_ISA_USAGE = YES_ERROR;
				CLANG_WARN_DOCUMENTATION_COMMENTS = YES;
				CLANG_WARN_EMPTY_BODY = YES;
				CLANG_WARN_ENUM_CONVERSION = YES;
				CLANG_WARN_INFINITE_RECURSION = YES;
				CLANG_WARN_INT_CONVERSION = YES;
				CLANG_WARN_NON_LITERAL_NULL_CONVERSION = YES;
				CLANG_WARN_OBJC_IMPLICIT_RETAIN_SELF = YES;
				CLANG_WARN_OBJC_LITERAL_CONVERSION = YES;
				CLANG_WARN_OBJC_ROOT_CLASS = YES_ERROR;
				CLANG_WARN_QUOTED_INCLUDE_IN_FRAMEWORK_HEADER = YES;
				CLANG_WARN_RANGE_LOOP_ANALYSIS = YES;
				CLANG_WARN_STRICT_PROTOTYPES = YES;
				CLANG_WARN_SUSPICIOUS_MOVE = YES;
				CLANG_WARN_UNGUARDED_AVAILABILITY = YES_AGGRESSIVE;
				CLANG_WARN_UNREACHABLE_CODE = YES;
				CLANG_WARN__DUPLICATE_METHOD_MATCH = YES;
				COPY_PHASE_STRIP = NO;
				DEBUG_INFORMATION_FORMAT = "dwarf-with-dsym";
				ENABLE_NS_ASSERTIONS = NO;
				ENABLE_STRICT_OBJC_MSGSEND = YES;
				ENABLE_USER_SCRIPT_SANDBOXING = YES;
				GCC_C_LANGUAGE_STANDARD = gnu17;
				GCC_NO_COMMON_BLOCKS = YES;
				GCC_WARN_64_TO_32_BIT_CONVERSION = YES;
				GCC_WARN_ABOUT_RETURN_TYPE = YES_ERROR;
				GCC_WARN_UNDECLARED_SELECTOR = YES;
				GCC_WARN_UNINITIALIZED_AUTOS = YES_AGGRESSIVE;
				GCC_WARN_UNUSED_FUNCTION = YES;
				GCC_WARN_UNUSED_VARIABLE = YES;
				IPHONEOS_DEPLOYMENT_TARGET = 18.2;
				LOCALIZATION_PREFERS_STRING_CATALOGS = YES;
				MTL_ENABLE_DEBUG_INFO = NO;
				MTL_FAST_MATH = YES;
				SDKROOT = iphoneos;
				SWIFT_COMPILATION_MODE = wholemodule;
				VALIDATE_PRODUCT = YES;
			};
			name = Release;
		};
		43E815072EB2D9EA0091FD15 /* Debug */ = {
			isa = XCBuildConfiguration;
			buildSettings = {
				ASSETCATALOG_COMPILER_APPICON_NAME = AppIcon;
				ASSETCATALOG_COMPILER_GLOBAL_ACCENT_COLOR_NAME = AccentColor;
				CODE_SIGN_STYLE = Automatic;
				CURRENT_PROJECT_VERSION = 1;
				DEVELOPMENT_ASSET_PATHS = "\"SoundSwipe/Preview Content\"";
				ENABLE_PREVIEWS = YES;
				GENERATE_INFOPLIST_FILE = YES;
				INFOPLIST_KEY_UIApplicationSceneManifest_Generation = YES;
				INFOPLIST_KEY_UIApplicationSupportsIndirectInputEvents = YES;
				INFOPLIST_KEY_UILaunchScreen_Generation = YES;
				INFOPLIST_KEY_UISupportedInterfaceOrientations_iPad = "UIInterfaceOrientationPortrait UIInterfaceOrientationPortraitUpsideDown UIInterfaceOrientationLandscapeLeft UIInterfaceOrientationLandscapeRight";
				INFOPLIST_KEY_UISupportedInterfaceOrientations_iPhone = "UIInterfaceOrientationPortrait UIInterfaceOrientationLandscapeLeft UIInterfaceOrientationLandscapeRight";
				LD_RUNPATH_SEARCH_PATHS = (
					"$(inherited)",
					"@executable_path/Frameworks",
				);
				MARKETING_VERSION = 1.0;
				PRODUCT_BUNDLE_IDENTIFIER = joch.SoundSwipe;
				PRODUCT_NAME = "$(TARGET_NAME)";
				SWIFT_EMIT_LOC_STRINGS = YES;
				SWIFT_VERSION = 5.0;
				TARGETED_DEVICE_FAMILY = "1,2";
			};
			name = Debug;
		};
		43E815082EB2D9EA0091FD15 /* Release */ = {
			isa = XCBuildConfiguration;
			buildSettings = {
				ASSETCATALOG_COMPILER_APPICON_NAME = AppIcon;
				ASSETCATALOG_COMPILER_GLOBAL_ACCENT_COLOR_NAME = AccentColor;
				CODE_SIGN_STYLE = Automatic;
				CURRENT_PROJECT_VERSION = 1;
				DEVELOPMENT_ASSET_PATHS = "\"SoundSwipe/Preview Content\"";
				ENABLE_PREVIEWS = YES;
				GENERATE_INFOPLIST_FILE = YES;
				INFOPLIST_KEY_UIApplicationSceneManifest_Generation = YES;
				INFOPLIST_KEY_UIApplicationSupportsIndirectInputEvents = YES;
				INFOPLIST_KEY_UILaunchScreen_Generation = YES;
				INFOPLIST_KEY_UISupportedInterfaceOrientations_iPad = "UIInterfaceOrientationPortrait UIInterfaceOrientationPortraitUpsideDown UIInterfaceOrientationLandscapeLeft UIInterfaceOrientationLandscapeRight";
				INFOPLIST_KEY_UISupportedInterfaceOrientations_iPhone = "UIInterfaceOrientationPortrait UIInterfaceOrientationLandscapeLeft UIInterfaceOrientationLandscapeRight";
				LD_RUNPATH_SEARCH_PATHS = (
					"$(inherited)",
					"@executable_path/Frameworks",
				);
				MARKETING_VERSION = 1.0;
				PRODUCT_BUNDLE_IDENTIFIER = joch.SoundSwipe;
				PRODUCT_NAME = "$(TARGET_NAME)";
				SWIFT_EMIT_LOC_STRINGS = YES;
				SWIFT_VERSION = 5.0;
				TARGETED_DEVICE_FAMILY = "1,2";
			};
			name = Release;
		};
		43E8150A2EB2D9EA0091FD15 /* Debug */ = {
			isa = XCBuildConfiguration;
			buildSettings = {
				BUNDLE_LOADER = "$(TEST_HOST)";
				CODE_SIGN_STYLE = Automatic;
				CURRENT_PROJECT_VERSION = 1;
				GENERATE_INFOPLIST_FILE = YES;
				IPHONEOS_DEPLOYMENT_TARGET = 18.2;
				MARKETING_VERSION = 1.0;
				PRODUCT_BUNDLE_IDENTIFIER = joch.SoundSwipeTests;
				PRODUCT_NAME = "$(TARGET_NAME)";
				SWIFT_EMIT_LOC_STRINGS = NO;
				SWIFT_VERSION = 5.0;
				TARGETED_DEVICE_FAMILY = "1,2";
				TEST_HOST = "$(BUILT_PRODUCTS_DIR)/SoundSwipe.app/$(BUNDLE_EXECUTABLE_FOLDER_PATH)/SoundSwipe";
			};
			name = Debug;
		};
		43E8150B2EB2D9EA0091FD15 /* Release */ = {
			isa = XCBuildConfiguration;
			buildSettings = {
				BUNDLE_LOADER = "$(TEST_HOST)";
				CODE_SIGN_STYLE = Automatic;
				CURRENT_PROJECT_VERSION = 1;
				GENERATE_INFOPLIST_FILE = YES;
				IPHONEOS_DEPLOYMENT_TARGET = 18.2;
				MARKETING_VERSION = 1.0;
				PRODUCT_BUNDLE_IDENTIFIER = joch.SoundSwipeTests;
				PRODUCT_NAME = "$(TARGET_NAME)";
				SWIFT_EMIT_LOC_STRINGS = NO;
				SWIFT_VERSION = 5.0;
				TARGETED_DEVICE_FAMILY = "1,2";
				TEST_HOST = "$(BUILT_PRODUCTS_DIR)/SoundSwipe.app/$(BUNDLE_EXECUTABLE_FOLDER_PATH)/SoundSwipe";
			};
			name = Release;
		};
		43E8150D2EB2D9EA0091FD15 /* Debug */ = {
			isa = XCBuildConfiguration;
			buildSettings = {
				CODE_SIGN_STYLE = Automatic;
				CURRENT_PROJECT_VERSION = 1;
				GENERATE_INFOPLIST_FILE = YES;
				MARKETING_VERSION = 1.0;
				PRODUCT_BUNDLE_IDENTIFIER = joch.SoundSwipeUITests;
				PRODUCT_NAME = "$(TARGET_NAME)";
				SWIFT_EMIT_LOC_STRINGS = NO;
				SWIFT_VERSION = 5.0;
				TARGETED_DEVICE_FAMILY = "1,2";
				TEST_TARGET_NAME = SoundSwipe;
			};
			name = Debug;
		};
		43E8150E2EB2D9EA0091FD15 /* Release */ = {
			isa = XCBuildConfiguration;
			buildSettings = {
				CODE_SIGN_STYLE = Automatic;
				CURRENT_PROJECT_VERSION = 1;
				GENERATE_INFOPLIST_FILE = YES;
				MARKETING_VERSION = 1.0;
				PRODUCT_BUNDLE_IDENTIFIER = joch.SoundSwipeUITests;
				PRODUCT_NAME = "$(TARGET_NAME)";
				SWIFT_EMIT_LOC_STRINGS = NO;
				SWIFT_VERSION = 5.0;
				TARGETED_DEVICE_FAMILY = "1,2";
				TEST_TARGET_NAME = SoundSwipe;
			};
			name = Release;
		};
/* End XCBuildConfiguration section */

/* Begin XCConfigurationList section */
		43E814DD2EB2D9E80091FD15 /* Build configuration list for PBXProject "SoundSwipe" */ = {
			isa = XCConfigurationList;
			buildConfigurations = (
				43E815042EB2D9EA0091FD15 /* Debug */,
				43E815052EB2D9EA0091FD15 /* Release */,
			);
			defaultConfigurationIsVisible = 0;
			defaultConfigurationName = Release;
		};
		43E815062EB2D9EA0091FD15 /* Build configuration list for PBXNativeTarget "SoundSwipe" */ = {
			isa = XCConfigurationList;
			buildConfigurations = (
				43E815072EB2D9EA0091FD15 /* Debug */,
				43E815082EB2D9EA0091FD15 /* Release */,
			);
			defaultConfigurationIsVisible = 0;
			defaultConfigurationName = Release;
		};
		43E815092EB2D9EA0091FD15 /* Build configuration list for PBXNativeTarget "SoundSwipeTests" */ = {
			isa = XCConfigurationList;
			buildConfigurations = (
				43E8150A2EB2D9EA0091FD15 /* Debug */,
				43E8150B2EB2D9EA0091FD15 /* Release */,
			);
			defaultConfigurationIsVisible = 0;
			defaultConfigurationName = Release;
		};
		43E8150C2EB2D9EA0091FD15 /* Build configuration list for PBXNativeTarget "SoundSwipeUITests" */ = {
			isa = XCConfigurationList;
			buildConfigurations = (
				43E8150D2EB2D9EA0091FD15 /* Debug */,
				43E8150E2EB2D9EA0091FD15 /* Release */,
			);
			defaultConfigurationIsVisible = 0;
			defaultConfigurationName = Release;
		};
/* End XCConfigurationList section */
	};
	rootObject = 43E814DA2EB2D9E80091FD15 /* Project object */;
}
